github.com/hashicorp/go-version v1.0.0 h1:21MVWPKDphxa7ineQQTrCU5brh7OuVVAzGOCnnCPtE8=
github.com/hashicorp/go-version v1.0.0/go.mod h1:fltr4n8CU8Ke44wwGCBoEymUuxUHl09ZGVZPK5anwXA=
github.com/mitchellh/gox v1.0.1 h1:x0jD3dcHk9a9xPSDN6YEL4xL6Qz0dvNYm8yZqui5chI=
github.com/mitchellh/gox v1.0.1/go.mod h1:ED6BioOGXMswlXa2zxfh/xdd5QhwYliBFn9V18Ap4z4=
github.com/mitchellh/iochan v1.0.0 h1:C+X3KsSTLFVBr/tK1eYN/vs4rJcvsiLU338UhYPJWeY=
github.com/mitchellh/iochan v1.0.0/go.mod h1:JwYml1nuB7xOzsp52dPpHFffvOCDupsG0QubkSMEySY=
github.com/rakyll/statik v0.1.7 h1:OF3QCZUuyPxuGEP7B4ypUa7sB/iHtqOTDYZXGM8KOdQ=
github.com/rakyll/statik v0.1.7/go.mod h1:AlZONWzMtEnMs7W4e/1LURLiI49pIMmp6V9Unghqrcc=
